{
    "_meta": {
        "hash": {
            "sha256": "86520ea6837a19eb7f3b87e117ef7aff764fb85c27774f5bfa6779b5aebf5daf"
        },
        "pipfile-spec": 6,
        "requires": {
            "python_version": "3.8"
        },
        "sources": [
            {
                "name": "pypi",
                "url": "https://pypi.org/simple",
                "verify_ssl": true
            }
        ]
    },
    "default": {
        "arrow": {
            "hashes": [
                "sha256:4bfacea734ead51495dc47df00421ecfd4ca1f2c0fbe58b9a26eaeddedc31caf",
                "sha256:67f8be7c0cf420424bc62d8d7dc40b44e4bb2f7b515f9cc2954fb36e35797656"
            ],
            "index": "pypi",
            "version": "==0.14.7"
        },
        "feedparser": {
            "hashes": [
                "sha256:bd030652c2d08532c034c27fcd7c85868e7fa3cb2b17f230a44a6bbc92519bf9",
                "sha256:cd2485472e41471632ed3029d44033ee420ad0b57111db95c240c9160a85831c",
                "sha256:ce875495c90ebd74b179855449040003a1beb40cd13d5f037a0654251e260b02"
            ],
            "index": "pypi",
            "version": "==5.2.1"
        },
        "ics": {
            "hashes": [
                "sha256:3b606205b9582ad27dff77f9b227a30d02fdac532731927fe39df1f1ddf8673f",
                "sha256:bf5fbdef6e1e073afdadf1b996f0271186dd114a148e38e795919a1ae644d6ac"
            ],
            "index": "pypi",
            "version": "==0.7"
        },
        "loguru": {
            "hashes": [
                "sha256:70201d5fce26da89b7a5f168caa2bb674e06b969829f56737db1d6472e53e7c3",
                "sha256:e5d362a43cd2fc2da63551d79a6830619c4d5b3a8b976515748026f92f351b61"
            ],
            "index": "pypi",
            "version": "==0.5.1"
        },
        "python-dateutil": {
            "hashes": [
                "sha256:73ebfe9dbf22e832286dafa60473e4cd239f8592f699aa5adaf10050e6e1823c",
                "sha256:75bb3f31ea686f1197762692a9ee6a7550b59fc6ca3a1f4b5d7e32fb98e2da2a"
            ],
            "markers": "python_version >= '2.7' and python_version not in '3.0, 3.1, 3.2, 3.3'",
            "version": "==2.8.1"
        },
        "six": {
            "hashes": [
                "sha256:30639c035cdb23534cd4aa2dd52c3bf48f06e5f4a941509c8bafd8ce11080259",
                "sha256:8b74bedcbbbaca38ff6d7491d76f2b06b3592611af620f8426e82dddb04a5ced"
            ],
            "markers": "python_version >= '2.7' and python_version not in '3.0, 3.1, 3.2, 3.3'",
            "version": "==1.15.0"
        },
        "tatsu": {
            "hashes": [
                "sha256:0adbf7189a8c4f9a882b442f7b8ed6c6ab3baae37057db0e96b6888daacffad0",
                "sha256:3a043490e577632a05374b5033646bbc26cbb17386df81735a569ecbd45d934b"
            ],
            "markers": "python_version >= '3.8'",
            "version": "==5.5.0"
        }
    },
    "develop": {}
}
